
Microsoft Visual Studio Solution File, Format Version 12.00
# Visual Studio 15
VisualStudioVersion = 15.0.28307.1800
MinimumVisualStudioVersion = 10.0.40219.1
Project("{FAE04EC0-301F-11D3-BF4B-00C04F79EFBC}") = "tesGit_043", "tesGit_043\tesGit_043.csproj", "{C0222E4B-DC57-4E19-86D2-5BF067A8FC68}"
EndProject
Global
	GlobalSection(SolutionConfigurationPlatforms) = preSolution
		Debug|Any CPU = Debug|Any CPU
		Release|Any CPU = Release|Any CPU
	EndGlobalSection
	GlobalSection(ProjectConfigurationPlatforms) = postSolution
		{C0222E4B-DC57-4E19-86D2-5BF067A8FC68}.Debug|Any CPU.ActiveCfg = Debug|Any CPU
		{C0222E4B-DC57-4E19-86D2-5BF067A8FC68}.Debug|Any CPU.Build.0 = Debug|Any CPU
		{C0222E4B-DC57-4E19-86D2-5BF067A8FC68}.Release|Any CPU.ActiveCfg = Release|Any CPU
		{C0222E4B-DC57-4E19-86D2-5BF067A8FC68}.Release|Any CPU.Build.0 = Release|Any CPU
	EndGlobalSection
	GlobalSection(SolutionProperties) = preSolution
		HideSolutionNode = FALSE
	EndGlobalSection
	GlobalSection(ExtensibilityGlobals) = postSolution
		SolutionGuid = {C15CC762-F439-4CBB-90C3-DE42A51C33FE}
	EndGlobalSection
EndGlobal
